// !$*UTF8*$!
{
	archiveVersion = 1;
	classes = {
	};
	objectVersion = 56;
	objects = {

/* Begin PBXBuildFile section */
		56B3508C2902659D004ECCBC /* Pessoa.swift in Sources */ = {isa = PBXBuildFile; fileRef = 56B3508B2902659D004ECCBC /* Pessoa.swift */; };
		56B350982903038C004ECCBC /* Tela03.swift in Sources */ = {isa = PBXBuildFile; fileRef = 56B350972903038C004ECCBC /* Tela03.swift */; };
		56B350A0290304E1004ECCBC /* Tela03.storyboard in Resources */ = {isa = PBXBuildFile; fileRef = 56B3509F290304E1004ECCBC /* Tela03.storyboard */; };
		56DCD42E28FC34B7001987CA /* AppDelegate.swift in Sources */ = {isa = PBXBuildFile; fileRef = 56DCD42D28FC34B7001987CA /* AppDelegate.swift */; };
		56DCD43028FC34B7001987CA /* SceneDelegate.swift in Sources */ = {isa = PBXBuildFile; fileRef = 56DCD42F28FC34B7001987CA /* SceneDelegate.swift */; };
		56DCD43228FC34B7001987CA /* ViewController.swift in Sources */ = {isa = PBXBuildFile; fileRef = 56DCD43128FC34B7001987CA /* ViewController.swift */; };
		56DCD43528FC34B7001987CA /* Main.storyboard in Resources */ = {isa = PBXBuildFile; fileRef = 56DCD43328FC34B7001987CA /* Main.storyboard */; };
		56DCD43728FC34B8001987CA /* Assets.xcassets in Resources */ = {isa = PBXBuildFile; fileRef = 56DCD43628FC34B8001987CA /* Assets.xcassets */; };
		56DCD43A28FC34B8001987CA /* LaunchScreen.storyboard in Resources */ = {isa = PBXBuildFile; fileRef = 56DCD43828FC34B8001987CA /* LaunchScreen.storyboard */; };
		56DCD44228FC3F30001987CA /* Tela02.swift in Sources */ = {isa = PBXBuildFile; fileRef = 56DCD44128FC3F30001987CA /* Tela02.swift */; };
		56DCD44428FC3F3F001987CA /* Tela02.storyboard in Resources */ = {isa = PBXBuildFile; fileRef = 56DCD44328FC3F3F001987CA /* Tela02.storyboard */; };
/* End PBXBuildFile section */

/* Begin PBXFileReference section */
		56B3508B2902659D004ECCBC /* Pessoa.swift */ = {isa = PBXFileReference; lastKnownFileType = sourcecode.swift; path = Pessoa.swift; sourceTree = "<group>"; };
		56B350972903038C004ECCBC /* Tela03.swift */ = {isa = PBXFileReference; lastKnownFileType = sourcecode.swift; path = Tela03.swift; sourceTree = "<group>"; };
		56B3509F290304E1004ECCBC /* Tela03.storyboard */ = {isa = PBXFileReference; lastKnownFileType = file.storyboard; path = Tela03.storyboard; sourceTree = "<group>"; };
		56DCD42A28FC34B7001987CA /* Life Cycle.app */ = {isa = PBXFileReference; explicitFileType = wrapper.application; includeInIndex = 0; path = "Life Cycle.app"; sourceTree = BUILT_PRODUCTS_DIR; };
		56DCD42D28FC34B7001987CA /* AppDelegate.swift */ = {isa = PBXFileReference; lastKnownFileType = sourcecode.swift; path = AppDelegate.swift; sourceTree = "<group>"; };
		56DCD42F28FC34B7001987CA /* SceneDelegate.swift */ = {isa = PBXFileReference; lastKnownFileType = sourcecode.swift; path = SceneDelegate.swift; sourceTree = "<group>"; };
		56DCD43128FC34B7001987CA /* ViewController.swift */ = {isa = PBXFileReference; lastKnownFileType = sourcecode.swift; path = ViewController.swift; sourceTree = "<group>"; };
		56DCD43428FC34B7001987CA /* Base */ = {isa = PBXFileReference; lastKnownFileType = file.storyboard; name = Base; path = Base.lproj/Main.storyboard; sourceTree = "<group>"; };
		56DCD43628FC34B8001987CA /* Assets.xcassets */ = {isa = PBXFileReference; lastKnownFileType = folder.assetcatalog; path = Assets.xcassets; sourceTree = "<group>"; };
		56DCD43928FC34B8001987CA /* Base */ = {isa = PBXFileReference; lastKnownFileType = file.storyboard; name = Base; path = Base.lproj/LaunchScreen.storyboard; sourceTree = "<group>"; };
		56DCD43B28FC34B8001987CA /* Info.plist */ = {isa = PBXFileReference; lastKnownFileType = text.plist.xml; path = Info.plist; sourceTree = "<group>"; };
		56DCD44128FC3F30001987CA /* Tela02.swift */ = {isa = PBXFileReference; lastKnownFileType = sourcecode.swift; path = Tela02.swift; sourceTree = "<group>"; };
		56DCD44328FC3F3F001987CA /* Tela02.storyboard */ = {isa = PBXFileReference; lastKnownFileType = file.storyboard; path = Tela02.storyboard; sourceTree = "<group>"; };
/* End PBXFileReference section */

/* Begin PBXFrameworksBuildPhase section */
		56DCD42728FC34B7001987CA /* Frameworks */ = {
			isa = PBXFrameworksBuildPhase;
			buildActionMask = 2147483647;
			files = (
			);
			runOnlyForDeploymentPostprocessing = 0;
		};
/* End PBXFrameworksBuildPhase section */

/* Begin PBXGroup section */
		56B3508A2902657A004ECCBC /* Model */ = {
			isa = PBXGroup;
			children = (
				56B3508B2902659D004ECCBC /* Pessoa.swift */,
			);
			path = Model;
			sourceTree = "<group>";
		};
		56DCD42128FC34B7001987CA = {
			isa = PBXGroup;
			children = (
				56DCD42C28FC34B7001987CA /* Life Cycle */,
				56DCD42B28FC34B7001987CA /* Products */,
			);
			sourceTree = "<group>";
		};
		56DCD42B28FC34B7001987CA /* Products */ = {
			isa = PBXGroup;
			children = (
				56DCD42A28FC34B7001987CA /* Life Cycle.app */,
			);
			name = Products;
			sourceTree = "<group>";
		};
		56DCD42C28FC34B7001987CA /* Life Cycle */ = {
			isa = PBXGroup;
			children = (
				56B3508A2902657A004ECCBC /* Model */,
				56DCD42D28FC34B7001987CA /* AppDelegate.swift */,
				56DCD42F28FC34B7001987CA /* SceneDelegate.swift */,
				56DCD43128FC34B7001987CA /* ViewController.swift */,
				56DCD43328FC34B7001987CA /* Main.storyboard */,
				56DCD43628FC34B8001987CA /* Assets.xcassets */,
				56DCD43828FC34B8001987CA /* LaunchScreen.storyboard */,
				56DCD43B28FC34B8001987CA /* Info.plist */,
				56DCD44128FC3F30001987CA /* Tela02.swift */,
				56DCD44328FC3F3F001987CA /* Tela02.storyboard */,
				56B350972903038C004ECCBC /* Tela03.swift */,
				56B3509F290304E1004ECCBC /* Tela03.storyboard */,
			);
			path = "Life Cycle";
			sourceTree = "<group>";
		};
/* End PBXGroup section */

/* Begin PBXNativeTarget section */
		56DCD42928FC34B7001987CA /* Life Cycle */ = {
			isa = PBXNativeTarget;
			buildConfigurationList = 56DCD43E28FC34B8001987CA /* Build configuration list for PBXNativeTarget "Life Cycle" */;
			buildPhases = (
				56DCD42628FC34B7001987CA /* Sources */,
				56DCD42728FC34B7001987CA /* Frameworks */,
				56DCD42828FC34B7001987CA /* Resources */,
			);
			buildRules = (
			);
			dependencies = (
			);
			name = "Life Cycle";
			productName = "Life Cycle";
			productReference = 56DCD42A28FC34B7001987CA /* Life Cycle.app */;
			productType = "com.apple.product-type.application";
		};
/* End PBXNativeTarget section */

/* Begin PBXProject section */
		56DCD42228FC34B7001987CA /* Project object */ = {
			isa = PBXProject;
			attributes = {
				BuildIndependentTargetsInParallel = 1;
				LastSwiftUpdateCheck = 1400;
				LastUpgradeCheck = 1400;
				TargetAttributes = {
					56DCD42928FC34B7001987CA = {
						CreatedOnToolsVersion = 14.0.1;
					};
				};
			};
			buildConfigurationList = 56DCD42528FC34B7001987CA /* Build configuration list for PBXProject "Life Cycle" */;
			compatibilityVersion = "Xcode 14.0";
			developmentRegion = en;
			hasScannedForEncodings = 0;
			knownRegions = (
				en,
				Base,
			);
			mainGroup = 56DCD42128FC34B7001987CA;
			productRefGroup = 56DCD42B28FC34B7001987CA /* Products */;
			projectDirPath = "";
			projectRoot = "";
			targets = (
				56DCD42928FC34B7001987CA /* Life Cycle */,
			);
		};
/* End PBXProject section */

/* Begin PBXResourcesBuildPhase section */
		56DCD42828FC34B7001987CA /* Resources */ = {
			isa = PBXResourcesBuildPhase;
			buildActionMask = 2147483647;
			files = (
				56DCD44428FC3F3F001987CA /* Tela02.storyboard in Resources */,
				56DCD43A28FC34B8001987CA /* LaunchScreen.storyboard in Resources */,
				56DCD43728FC34B8001987CA /* Assets.xcassets in Resources */,
				56B350A0290304E1004ECCBC /* Tela03.storyboard in Resources */,
				56DCD43528FC34B7001987CA /* Main.storyboard in Resources */,
			);
			runOnlyForDeploymentPostprocessing = 0;
		};
/* End PBXResourcesBuildPhase section */

/* Begin PBXSourcesBuildPhase section */
		56DCD42628FC34B7001987CA /* Sources */ = {
			isa = PBXSourcesBuildPhase;
			buildActionMask = 2147483647;
			files = (
				56DCD43228FC34B7001987CA /* ViewController.swift in Sources */,
				56DCD42E28FC34B7001987CA /* AppDelegate.swift in Sources */,
				56B350982903038C004ECCBC /* Tela03.swift in Sources */,
				56DCD43028FC34B7001987CA /* SceneDelegate.swift in Sources */,
				56DCD44228FC3F30001987CA /* Tela02.swift in Sources */,
				56B3508C2902659D004ECCBC /* Pessoa.swift in Sources */,
			);
			runOnlyForDeploymentPostprocessing = 0;
		};
/* End PBXSourcesBuildPhase section */

/* Begin PBXVariantGroup section */
		56DCD43328FC34B7001987CA /* Main.storyboard */ = {
			isa = PBXVariantGroup;
			children = (
				56DCD43428FC34B7001987CA /* Base */,
			);
			name = Main.storyboard;
			sourceTree = "<group>";
		};
		56DCD43828FC34B8001987CA /* LaunchScreen.storyboard */ = {
			isa = PBXVariantGroup;
			children = (
				56DCD43928FC34B8001987CA /* Base */,
			);
			name = LaunchScreen.storyboard;
			sourceTree = "<group>";
		};
/* End PBXVariantGroup section */

/* Begin XCBuildConfiguration section */
		56DCD43C28FC34B8001987CA /* Debug */ = {
			isa = XCBuildConfiguration;
			buildSettings = {
				ALWAYS_SEARCH_USER_PATHS = NO;
				CLANG_ANALYZER_NONNULL = YES;
				CLANG_ANALYZER_NUMBER_OBJECT_CONVERSION = YES_AGGRESSIVE;
				CLANG_CXX_LANGUAGE_STANDARD = "gnu++20";
				CLANG_ENABLE_MODULES = YES;
				CLANG_ENABLE_OBJC_ARC = YES;
				CLANG_ENABLE_OBJC_WEAK = YES;
				CLANG_WARN_BLOCK_CAPTURE_AUTORELEASING = YES;
				CLANG_WARN_BOOL_CONVERSION = YES;
				CLANG_WARN_COMMA = YES;
				CLANG_WARN_CONSTANT_CONVERSION = YES;
				CLANG_WARN_DEPRECATED_OBJC_IMPLEMENTATIONS = YES;
				CLANG_WARN_DIRECT_OBJC_ISA_USAGE = YES_ERROR;
				CLANG_WARN_DOCUMENTATION_COMMENTS = YES;
				CLANG_WARN_EMPTY_BODY = YES;
				CLANG_WARN_ENUM_CONVERSION = YES;
				CLANG_WARN_INFINITE_RECURSION = YES;
				CLANG_WARN_INT_CONVERSION = YES;
				CLANG_WARN_NON_LITERAL_NULL_CONVERSION = YES;
				CLANG_WARN_OBJC_IMPLICIT_RETAIN_SELF = YES;
				CLANG_WARN_OBJC_LITERAL_CONVERSION = YES;
				CLANG_WARN_OBJC_ROOT_CLASS = YES_ERROR;
				CLANG_WARN_QUOTED_INCLUDE_IN_FRAMEWORK_HEADER = YES;
				CLANG_WARN_RANGE_LOOP_ANALYSIS = YES;
				CLANG_WARN_STRICT_PROTOTYPES = YES;
				CLANG_WARN_SUSPICIOUS_MOVE = YES;
				CLANG_WARN_UNGUARDED_AVAILABILITY = YES_AGGRESSIVE;
				CLANG_WARN_UNREACHABLE_CODE = YES;
				CLANG_WARN__DUPLICATE_METHOD_MATCH = YES;
				COPY_PHASE_STRIP = NO;
				DEBUG_INFORMATION_FORMAT = dwarf;
				ENABLE_STRICT_OBJC_MSGSEND = YES;
				ENABLE_TESTABILITY = YES;
				GCC_C_LANGUAGE_STANDARD = gnu11;
				GCC_DYNAMIC_NO_PIC = NO;
				GCC_NO_COMMON_BLOCKS = YES;
				GCC_OPTIMIZATION_LEVEL = 0;
				GCC_PREPROCESSOR_DEFINITIONS = (
					"DEBUG=1",
					"$(inherited)",
				);
				GCC_WARN_64_TO_32_BIT_CONVERSION = YES;
				GCC_WARN_ABOUT_RETURN_TYPE = YES_ERROR;
				GCC_WARN_UNDECLARED_SELECTOR = YES;
				GCC_WARN_UNINITIALIZED_AUTOS = YES_AGGRESSIVE;
				GCC_WARN_UNUSED_FUNCTION = YES;
				GCC_WARN_UNUSED_VARIABLE = YES;
				IPHONEOS_DEPLOYMENT_TARGET = 16.0;
				MTL_ENABLE_DEBUG_INFO = INCLUDE_SOURCE;
				MTL_FAST_MATH = YES;
				ONLY_ACTIVE_ARCH = YES;
				SDKROOT = iphoneos;
				SWIFT_ACTIVE_COMPILATION_CONDITIONS = DEBUG;
				SWIFT_OPTIMIZATION_LEVEL = "-Onone";
			};
			name = Debug;
		};
		56DCD43D28FC34B8001987CA /* Release */ = {
			isa = XCBuildConfiguration;
			buildSettings = {
				ALWAYS_SEARCH_USER_PATHS = NO;
				CLANG_ANALYZER_NONNULL = YES;
				CLANG_ANALYZER_NUMBER_OBJECT_CONVERSION = YES_AGGRESSIVE;
				CLANG_CXX_LANGUAGE_STANDARD = "gnu++20";
				CLANG_ENABLE_MODULES = YES;
				CLANG_ENABLE_OBJC_ARC = YES;
				CLANG_ENABLE_OBJC_WEAK = YES;
				CLANG_WARN_BLOCK_CAPTURE_AUTORELEASING = YES;
				CLANG_WARN_BOOL_CONVERSION = YES;
				CLANG_WARN_COMMA = YES;
				CLANG_WARN_CONSTANT_CONVERSION = YES;
				CLANG_WARN_DEPRECATED_OBJC_IMPLEMENTATIONS = YES;
				CLANG_WARN_DIRECT_OBJC_ISA_USAGE = YES_ERROR;
				CLANG_WARN_DOCUMENTATION_COMMENTS = YES;
				CLANG_WARN_EMPTY_BODY = YES;
				CLANG_WARN_ENUM_CONVERSION = YES;
				CLANG_WARN_INFINITE_RECURSION = YES;
				CLANG_WARN_INT_CONVERSION = YES;
				CLANG_WARN_NON_LITERAL_NULL_CONVERSION = YES;
				CLANG_WARN_OBJC_IMPLICIT_RETAIN_SELF = YES;
				CLANG_WARN_OBJC_LITERAL_CONVERSION = YES;
				CLANG_WARN_OBJC_ROOT_CLASS = YES_ERROR;
				CLANG_WARN_QUOTED_INCLUDE_IN_FRAMEWORK_HEADER = YES;
				CLANG_WARN_RANGE_LOOP_ANALYSIS = YES;
				CLANG_WARN_STRICT_PROTOTYPES = YES;
				CLANG_WARN_SUSPICIOUS_MOVE = YES;
				CLANG_WARN_UNGUARDED_AVAILABILITY = YES_AGGRESSIVE;
				CLANG_WARN_UNREACHABLE_CODE = YES;
				CLANG_WARN__DUPLICATE_METHOD_MATCH = YES;
				COPY_PHASE_STRIP = NO;
				DEBUG_INFORMATION_FORMAT = "dwarf-with-dsym";
				ENABLE_NS_ASSERTIONS = NO;
				ENABLE_STRICT_OBJC_MSGSEND = YES;
				GCC_C_LANGUAGE_STANDARD = gnu11;
				GCC_NO_COMMON_BLOCKS = YES;
				GCC_WARN_64_TO_32_BIT_CONVERSION = YES;
				GCC_WARN_ABOUT_RETURN_TYPE = YES_ERROR;
				GCC_WARN_UNDECLARED_SELECTOR = YES;
				GCC_WARN_UNINITIALIZED_AUTOS = YES_AGGRESSIVE;
				GCC_WARN_UNUSED_FUNCTION = YES;
				GCC_WARN_UNUSED_VARIABLE = YES;
				IPHONEOS_DEPLOYMENT_TARGET = 16.0;
				MTL_ENABLE_DEBUG_INFO = NO;
				MTL_FAST_MATH = YES;
				SDKROOT = iphoneos;
				SWIFT_COMPILATION_MODE = wholemodule;
				SWIFT_OPTIMIZATION_LEVEL = "-O";
				VALIDATE_PRODUCT = YES;
			};
			name = Release;
		};
		56DCD43F28FC34B8001987CA /* Debug */ = {
			isa = XCBuildConfiguration;
			buildSettings = {
				ASSETCATALOG_COMPILER_APPICON_NAME = AppIcon;
				ASSETCATALOG_COMPILER_GLOBAL_ACCENT_COLOR_NAME = AccentColor;
				CODE_SIGN_STYLE = Automatic;
				CURRENT_PROJECT_VERSION = 1;
				GENERATE_INFOPLIST_FILE = YES;
				INFOPLIST_FILE = "Life Cycle/Info.plist";
				INFOPLIST_KEY_UIApplicationSupportsIndirectInputEvents = YES;
				INFOPLIST_KEY_UILaunchStoryboardName = LaunchScreen;
				INFOPLIST_KEY_UIMainStoryboardFile = Main;
				INFOPLIST_KEY_UISupportedInterfaceOrientations_iPad = "UIInterfaceOrientationPortrait UIInterfaceOrientationPortraitUpsideDown UIInterfaceOrientationLandscapeLeft UIInterfaceOrientationLandscapeRight";
				INFOPLIST_KEY_UISupportedInterfaceOrientations_iPhone = "UIInterfaceOrientationPortrait UIInterfaceOrientationLandscapeLeft UIInterfaceOrientationLandscapeRight";
				LD_RUNPATH_SEARCH_PATHS = (
					"$(inherited)",
					"@executable_path/Frameworks",
				);
				MARKETING_VERSION = 1.0;
				PRODUCT_BUNDLE_IDENTIFIER = "CursoBF348.Life-Cycle";
				PRODUCT_NAME = "$(TARGET_NAME)";
				SUPPORTED_PLATFORMS = "iphoneos iphonesimulator";
				SUPPORTS_MACCATALYST = NO;
				SUPPORTS_MAC_DESIGNED_FOR_IPHONE_IPAD = NO;
				SWIFT_EMIT_LOC_STRINGS = YES;
				SWIFT_VERSION = 5.0;
				TARGETED_DEVICE_FAMILY = 1;
			};
			name = Debug;
		};
		56DCD44028FC34B8001987CA /* Release */ = {
			isa = XCBuildConfiguration;
			buildSettings = {
				ASSETCATALOG_COMPILER_APPICON_NAME = AppIcon;
				ASSETCATALOG_COMPILER_GLOBAL_ACCENT_COLOR_NAME = AccentColor;
				CODE_SIGN_STYLE = Automatic;
				CURRENT_PROJECT_VERSION = 1;
				GENERATE_INFOPLIST_FILE = YES;
				INFOPLIST_FILE = "Life Cycle/Info.plist";
				INFOPLIST_KEY_UIApplicationSupportsIndirectInputEvents = YES;
				INFOPLIST_KEY_UILaunchStoryboardName = LaunchScreen;
				INFOPLIST_KEY_UIMainStoryboardFile = Main;
				INFOPLIST_KEY_UISupportedInterfaceOrientations_iPad = "UIInterfaceOrientationPortrait UIInterfaceOrientationPortraitUpsideDown UIInterfaceOrientationLandscapeLeft UIInterfaceOrientationLandscapeRight";
				INFOPLIST_KEY_UISupportedInterfaceOrientations_iPhone = "UIInterfaceOrientationPortrait UIInterfaceOrientationLandscapeLeft UIInterfaceOrientationLandscapeRight";
				LD_RUNPATH_SEARCH_PATHS = (
					"$(inherited)",
					"@executable_path/Frameworks",
				);
				MARKETING_VERSION = 1.0;
				PRODUCT_BUNDLE_IDENTIFIER = "CursoBF348.Life-Cycle";
				PRODUCT_NAME = "$(TARGET_NAME)";
				SUPPORTED_PLATFORMS = "iphoneos iphonesimulator";
				SUPPORTS_MACCATALYST = NO;
				SUPPORTS_MAC_DESIGNED_FOR_IPHONE_IPAD = NO;
				SWIFT_EMIT_LOC_STRINGS = YES;
				SWIFT_VERSION = 5.0;
				TARGETED_DEVICE_FAMILY = 1;
			};
			name = Release;
		};
/* End XCBuildConfiguration section */

/* Begin XCConfigurationList section */
		56DCD42528FC34B7001987CA /* Build configuration list for PBXProject "Life Cycle" */ = {
			isa = XCConfigurationList;
			buildConfigurations = (
				56DCD43C28FC34B8001987CA /* Debug */,
				56DCD43D28FC34B8001987CA /* Release */,
			);
			defaultConfigurationIsVisible = 0;
			defaultConfigurationName = Release;
		};
		56DCD43E28FC34B8001987CA /* Build configuration list for PBXNativeTarget "Life Cycle" */ = {
			isa = XCConfigurationList;
			buildConfigurations = (
				56DCD43F28FC34B8001987CA /* Debug */,
				56DCD44028FC34B8001987CA /* Release */,
			);
			defaultConfigurationIsVisible = 0;
			defaultConfigurationName = Release;
		};
/* End XCConfigurationList section */
	};
	rootObject = 56DCD42228FC34B7001987CA /* Project object */;
}
