// !$*UTF8*$!
{
	archiveVersion = 1;
	classes = {
	};
	objectVersion = 56;
	objects = {

/* Begin PBXBuildFile section */
		56577E6B2919E56C00023A33 /* AppDelegate.swift in Sources */ = {isa = PBXBuildFile; fileRef = 56577E6A2919E56C00023A33 /* AppDelegate.swift */; };
		56577E6D2919E56C00023A33 /* SceneDelegate.swift in Sources */ = {isa = PBXBuildFile; fileRef = 56577E6C2919E56C00023A33 /* SceneDelegate.swift */; };
		56577E6F2919E56C00023A33 /* ViewController.swift in Sources */ = {isa = PBXBuildFile; fileRef = 56577E6E2919E56C00023A33 /* ViewController.swift */; };
		56577E722919E56C00023A33 /* Main.storyboard in Resources */ = {isa = PBXBuildFile; fileRef = 56577E702919E56C00023A33 /* Main.storyboard */; };
		56577E742919E56D00023A33 /* Assets.xcassets in Resources */ = {isa = PBXBuildFile; fileRef = 56577E732919E56D00023A33 /* Assets.xcassets */; };
		56577E772919E56D00023A33 /* LaunchScreen.storyboard in Resources */ = {isa = PBXBuildFile; fileRef = 56577E752919E56D00023A33 /* LaunchScreen.storyboard */; };
		56577E86291A806F00023A33 /* CarTableViewCell.swift in Sources */ = {isa = PBXBuildFile; fileRef = 56577E84291A806F00023A33 /* CarTableViewCell.swift */; };
		56577E87291A806F00023A33 /* CarTableViewCell.xib in Resources */ = {isa = PBXBuildFile; fileRef = 56577E85291A806F00023A33 /* CarTableViewCell.xib */; };
		56577E8B291AD35000023A33 /* CustomCollectionViewCell.swift in Sources */ = {isa = PBXBuildFile; fileRef = 56577E89291AD35000023A33 /* CustomCollectionViewCell.swift */; };
		56577E8C291AD35000023A33 /* CustomCollectionViewCell.xib in Resources */ = {isa = PBXBuildFile; fileRef = 56577E8A291AD35000023A33 /* CustomCollectionViewCell.xib */; };
		56577E98291BFD6000023A33 /* Vehicle.swift in Sources */ = {isa = PBXBuildFile; fileRef = 56577E97291BFD6000023A33 /* Vehicle.swift */; };
		5684A404293ADDAD0069B355 /* CarTableViewCellViewModel.swift in Sources */ = {isa = PBXBuildFile; fileRef = 5684A403293ADDAD0069B355 /* CarTableViewCellViewModel.swift */; };
		5684A407293F6E9C0069B355 /* VierwModel2.swift in Sources */ = {isa = PBXBuildFile; fileRef = 5684A406293F6E9C0069B355 /* VierwModel2.swift */; };
		5684AEF2293AABB10030D3E7 /* ViewModel.swift in Sources */ = {isa = PBXBuildFile; fileRef = 5684AEF1293AABB10030D3E7 /* ViewModel.swift */; };
/* End PBXBuildFile section */

/* Begin PBXFileReference section */
		56577E672919E56C00023A33 /* TableViewCollectionView.app */ = {isa = PBXFileReference; explicitFileType = wrapper.application; includeInIndex = 0; path = TableViewCollectionView.app; sourceTree = BUILT_PRODUCTS_DIR; };
		56577E6A2919E56C00023A33 /* AppDelegate.swift */ = {isa = PBXFileReference; lastKnownFileType = sourcecode.swift; path = AppDelegate.swift; sourceTree = "<group>"; };
		56577E6C2919E56C00023A33 /* SceneDelegate.swift */ = {isa = PBXFileReference; lastKnownFileType = sourcecode.swift; path = SceneDelegate.swift; sourceTree = "<group>"; };
		56577E6E2919E56C00023A33 /* ViewController.swift */ = {isa = PBXFileReference; lastKnownFileType = sourcecode.swift; path = ViewController.swift; sourceTree = "<group>"; };
		56577E712919E56C00023A33 /* Base */ = {isa = PBXFileReference; lastKnownFileType = file.storyboard; name = Base; path = Base.lproj/Main.storyboard; sourceTree = "<group>"; };
		56577E732919E56D00023A33 /* Assets.xcassets */ = {isa = PBXFileReference; lastKnownFileType = folder.assetcatalog; path = Assets.xcassets; sourceTree = "<group>"; };
		56577E762919E56D00023A33 /* Base */ = {isa = PBXFileReference; lastKnownFileType = file.storyboard; name = Base; path = Base.lproj/LaunchScreen.storyboard; sourceTree = "<group>"; };
		56577E782919E56D00023A33 /* Info.plist */ = {isa = PBXFileReference; lastKnownFileType = text.plist.xml; path = Info.plist; sourceTree = "<group>"; };
		56577E84291A806F00023A33 /* CarTableViewCell.swift */ = {isa = PBXFileReference; lastKnownFileType = sourcecode.swift; path = CarTableViewCell.swift; sourceTree = "<group>"; };
		56577E85291A806F00023A33 /* CarTableViewCell.xib */ = {isa = PBXFileReference; lastKnownFileType = file.xib; path = CarTableViewCell.xib; sourceTree = "<group>"; };
		56577E89291AD35000023A33 /* CustomCollectionViewCell.swift */ = {isa = PBXFileReference; lastKnownFileType = sourcecode.swift; path = CustomCollectionViewCell.swift; sourceTree = "<group>"; };
		56577E8A291AD35000023A33 /* CustomCollectionViewCell.xib */ = {isa = PBXFileReference; lastKnownFileType = file.xib; path = CustomCollectionViewCell.xib; sourceTree = "<group>"; };
		56577E97291BFD6000023A33 /* Vehicle.swift */ = {isa = PBXFileReference; lastKnownFileType = sourcecode.swift; path = Vehicle.swift; sourceTree = "<group>"; };
		5684A403293ADDAD0069B355 /* CarTableViewCellViewModel.swift */ = {isa = PBXFileReference; lastKnownFileType = sourcecode.swift; path = CarTableViewCellViewModel.swift; sourceTree = "<group>"; };
		5684A406293F6E9C0069B355 /* VierwModel2.swift */ = {isa = PBXFileReference; lastKnownFileType = sourcecode.swift; path = VierwModel2.swift; sourceTree = "<group>"; };
		5684AEF1293AABB10030D3E7 /* ViewModel.swift */ = {isa = PBXFileReference; lastKnownFileType = sourcecode.swift; path = ViewModel.swift; sourceTree = "<group>"; };
/* End PBXFileReference section */

/* Begin PBXFrameworksBuildPhase section */
		56577E642919E56C00023A33 /* Frameworks */ = {
			isa = PBXFrameworksBuildPhase;
			buildActionMask = 2147483647;
			files = (
			);
			runOnlyForDeploymentPostprocessing = 0;
		};
/* End PBXFrameworksBuildPhase section */

/* Begin PBXGroup section */
		56577E5E2919E56C00023A33 = {
			isa = PBXGroup;
			children = (
				56577E692919E56C00023A33 /* TableViewCollectionView */,
				56577E682919E56C00023A33 /* Products */,
			);
			sourceTree = "<group>";
		};
		56577E682919E56C00023A33 /* Products */ = {
			isa = PBXGroup;
			children = (
				56577E672919E56C00023A33 /* TableViewCollectionView.app */,
			);
			name = Products;
			sourceTree = "<group>";
		};
		56577E692919E56C00023A33 /* TableViewCollectionView */ = {
			isa = PBXGroup;
			children = (
				5684AEF0293AAB9A0030D3E7 /* ViewModel */,
				56577E96291BFD0400023A33 /* Model */,
				56577E88291AD2CF00023A33 /* CollectionViewCell */,
				56577E83291A800300023A33 /* TableViewCell */,
				56577E6E2919E56C00023A33 /* ViewController.swift */,
				56577E702919E56C00023A33 /* Main.storyboard */,
				56577E6C2919E56C00023A33 /* SceneDelegate.swift */,
				56577E6A2919E56C00023A33 /* AppDelegate.swift */,
				56577E732919E56D00023A33 /* Assets.xcassets */,
				56577E752919E56D00023A33 /* LaunchScreen.storyboard */,
				56577E782919E56D00023A33 /* Info.plist */,
			);
			path = TableViewCollectionView;
			sourceTree = "<group>";
		};
		56577E83291A800300023A33 /* TableViewCell */ = {
			isa = PBXGroup;
			children = (
				5684AEF3293AB3440030D3E7 /* CarTableViewCellViewModel */,
				56577E84291A806F00023A33 /* CarTableViewCell.swift */,
				56577E85291A806F00023A33 /* CarTableViewCell.xib */,
			);
			path = TableViewCell;
			sourceTree = "<group>";
		};
		56577E88291AD2CF00023A33 /* CollectionViewCell */ = {
			isa = PBXGroup;
			children = (
				5684A405293F6E7E0069B355 /* ViewModel2 */,
				56577E89291AD35000023A33 /* CustomCollectionViewCell.swift */,
				56577E8A291AD35000023A33 /* CustomCollectionViewCell.xib */,
			);
			path = CollectionViewCell;
			sourceTree = "<group>";
		};
		56577E96291BFD0400023A33 /* Model */ = {
			isa = PBXGroup;
			children = (
				56577E97291BFD6000023A33 /* Vehicle.swift */,
			);
			path = Model;
			sourceTree = "<group>";
		};
		5684A405293F6E7E0069B355 /* ViewModel2 */ = {
			isa = PBXGroup;
			children = (
				5684A406293F6E9C0069B355 /* VierwModel2.swift */,
			);
			path = ViewModel2;
			sourceTree = "<group>";
		};
		5684AEF0293AAB9A0030D3E7 /* ViewModel */ = {
			isa = PBXGroup;
			children = (
				5684AEF1293AABB10030D3E7 /* ViewModel.swift */,
			);
			path = ViewModel;
			sourceTree = "<group>";
		};
		5684AEF3293AB3440030D3E7 /* CarTableViewCellViewModel */ = {
			isa = PBXGroup;
			children = (
				5684A403293ADDAD0069B355 /* CarTableViewCellViewModel.swift */,
			);
			path = CarTableViewCellViewModel;
			sourceTree = "<group>";
		};
/* End PBXGroup section */

/* Begin PBXNativeTarget section */
		56577E662919E56C00023A33 /* TableViewCollectionView */ = {
			isa = PBXNativeTarget;
			buildConfigurationList = 56577E7B2919E56D00023A33 /* Build configuration list for PBXNativeTarget "TableViewCollectionView" */;
			buildPhases = (
				56577E632919E56C00023A33 /* Sources */,
				56577E642919E56C00023A33 /* Frameworks */,
				56577E652919E56C00023A33 /* Resources */,
			);
			buildRules = (
			);
			dependencies = (
			);
			name = TableViewCollectionView;
			productName = TableViewCollectionView;
			productReference = 56577E672919E56C00023A33 /* TableViewCollectionView.app */;
			productType = "com.apple.product-type.application";
		};
/* End PBXNativeTarget section */

/* Begin PBXProject section */
		56577E5F2919E56C00023A33 /* Project object */ = {
			isa = PBXProject;
			attributes = {
				BuildIndependentTargetsInParallel = 1;
				LastSwiftUpdateCheck = 1400;
				LastUpgradeCheck = 1400;
				TargetAttributes = {
					56577E662919E56C00023A33 = {
						CreatedOnToolsVersion = 14.0.1;
					};
				};
			};
			buildConfigurationList = 56577E622919E56C00023A33 /* Build configuration list for PBXProject "TableViewCollectionView" */;
			compatibilityVersion = "Xcode 14.0";
			developmentRegion = en;
			hasScannedForEncodings = 0;
			knownRegions = (
				en,
				Base,
			);
			mainGroup = 56577E5E2919E56C00023A33;
			productRefGroup = 56577E682919E56C00023A33 /* Products */;
			projectDirPath = "";
			projectRoot = "";
			targets = (
				56577E662919E56C00023A33 /* TableViewCollectionView */,
			);
		};
/* End PBXProject section */

/* Begin PBXResourcesBuildPhase section */
		56577E652919E56C00023A33 /* Resources */ = {
			isa = PBXResourcesBuildPhase;
			buildActionMask = 2147483647;
			files = (
				56577E772919E56D00023A33 /* LaunchScreen.storyboard in Resources */,
				56577E742919E56D00023A33 /* Assets.xcassets in Resources */,
				56577E87291A806F00023A33 /* CarTableViewCell.xib in Resources */,
				56577E8C291AD35000023A33 /* CustomCollectionViewCell.xib in Resources */,
				56577E722919E56C00023A33 /* Main.storyboard in Resources */,
			);
			runOnlyForDeploymentPostprocessing = 0;
		};
/* End PBXResourcesBuildPhase section */

/* Begin PBXSourcesBuildPhase section */
		56577E632919E56C00023A33 /* Sources */ = {
			isa = PBXSourcesBuildPhase;
			buildActionMask = 2147483647;
			files = (
				5684A404293ADDAD0069B355 /* CarTableViewCellViewModel.swift in Sources */,
				56577E98291BFD6000023A33 /* Vehicle.swift in Sources */,
				56577E6F2919E56C00023A33 /* ViewController.swift in Sources */,
				5684A407293F6E9C0069B355 /* VierwModel2.swift in Sources */,
				56577E8B291AD35000023A33 /* CustomCollectionViewCell.swift in Sources */,
				56577E6B2919E56C00023A33 /* AppDelegate.swift in Sources */,
				56577E86291A806F00023A33 /* CarTableViewCell.swift in Sources */,
				56577E6D2919E56C00023A33 /* SceneDelegate.swift in Sources */,
				5684AEF2293AABB10030D3E7 /* ViewModel.swift in Sources */,
			);
			runOnlyForDeploymentPostprocessing = 0;
		};
/* End PBXSourcesBuildPhase section */

/* Begin PBXVariantGroup section */
		56577E702919E56C00023A33 /* Main.storyboard */ = {
			isa = PBXVariantGroup;
			children = (
				56577E712919E56C00023A33 /* Base */,
			);
			name = Main.storyboard;
			sourceTree = "<group>";
		};
		56577E752919E56D00023A33 /* LaunchScreen.storyboard */ = {
			isa = PBXVariantGroup;
			children = (
				56577E762919E56D00023A33 /* Base */,
			);
			name = LaunchScreen.storyboard;
			sourceTree = "<group>";
		};
/* End PBXVariantGroup section */

/* Begin XCBuildConfiguration section */
		56577E792919E56D00023A33 /* Debug */ = {
			isa = XCBuildConfiguration;
			buildSettings = {
				ALWAYS_SEARCH_USER_PATHS = NO;
				CLANG_ANALYZER_NONNULL = YES;
				CLANG_ANALYZER_NUMBER_OBJECT_CONVERSION = YES_AGGRESSIVE;
				CLANG_CXX_LANGUAGE_STANDARD = "gnu++20";
				CLANG_ENABLE_MODULES = YES;
				CLANG_ENABLE_OBJC_ARC = YES;
				CLANG_ENABLE_OBJC_WEAK = YES;
				CLANG_WARN_BLOCK_CAPTURE_AUTORELEASING = YES;
				CLANG_WARN_BOOL_CONVERSION = YES;
				CLANG_WARN_COMMA = YES;
				CLANG_WARN_CONSTANT_CONVERSION = YES;
				CLANG_WARN_DEPRECATED_OBJC_IMPLEMENTATIONS = YES;
				CLANG_WARN_DIRECT_OBJC_ISA_USAGE = YES_ERROR;
				CLANG_WARN_DOCUMENTATION_COMMENTS = YES;
				CLANG_WARN_EMPTY_BODY = YES;
				CLANG_WARN_ENUM_CONVERSION = YES;
				CLANG_WARN_INFINITE_RECURSION = YES;
				CLANG_WARN_INT_CONVERSION = YES;
				CLANG_WARN_NON_LITERAL_NULL_CONVERSION = YES;
				CLANG_WARN_OBJC_IMPLICIT_RETAIN_SELF = YES;
				CLANG_WARN_OBJC_LITERAL_CONVERSION = YES;
				CLANG_WARN_OBJC_ROOT_CLASS = YES_ERROR;
				CLANG_WARN_QUOTED_INCLUDE_IN_FRAMEWORK_HEADER = YES;
				CLANG_WARN_RANGE_LOOP_ANALYSIS = YES;
				CLANG_WARN_STRICT_PROTOTYPES = YES;
				CLANG_WARN_SUSPICIOUS_MOVE = YES;
				CLANG_WARN_UNGUARDED_AVAILABILITY = YES_AGGRESSIVE;
				CLANG_WARN_UNREACHABLE_CODE = YES;
				CLANG_WARN__DUPLICATE_METHOD_MATCH = YES;
				COPY_PHASE_STRIP = NO;
				DEBUG_INFORMATION_FORMAT = dwarf;
				ENABLE_STRICT_OBJC_MSGSEND = YES;
				ENABLE_TESTABILITY = YES;
				GCC_C_LANGUAGE_STANDARD = gnu11;
				GCC_DYNAMIC_NO_PIC = NO;
				GCC_NO_COMMON_BLOCKS = YES;
				GCC_OPTIMIZATION_LEVEL = 0;
				GCC_PREPROCESSOR_DEFINITIONS = (
					"DEBUG=1",
					"$(inherited)",
				);
				GCC_WARN_64_TO_32_BIT_CONVERSION = YES;
				GCC_WARN_ABOUT_RETURN_TYPE = YES_ERROR;
				GCC_WARN_UNDECLARED_SELECTOR = YES;
				GCC_WARN_UNINITIALIZED_AUTOS = YES_AGGRESSIVE;
				GCC_WARN_UNUSED_FUNCTION = YES;
				GCC_WARN_UNUSED_VARIABLE = YES;
				IPHONEOS_DEPLOYMENT_TARGET = 16.0;
				MTL_ENABLE_DEBUG_INFO = INCLUDE_SOURCE;
				MTL_FAST_MATH = YES;
				ONLY_ACTIVE_ARCH = YES;
				SDKROOT = iphoneos;
				SWIFT_ACTIVE_COMPILATION_CONDITIONS = DEBUG;
				SWIFT_OPTIMIZATION_LEVEL = "-Onone";
			};
			name = Debug;
		};
		56577E7A2919E56D00023A33 /* Release */ = {
			isa = XCBuildConfiguration;
			buildSettings = {
				ALWAYS_SEARCH_USER_PATHS = NO;
				CLANG_ANALYZER_NONNULL = YES;
				CLANG_ANALYZER_NUMBER_OBJECT_CONVERSION = YES_AGGRESSIVE;
				CLANG_CXX_LANGUAGE_STANDARD = "gnu++20";
				CLANG_ENABLE_MODULES = YES;
				CLANG_ENABLE_OBJC_ARC = YES;
				CLANG_ENABLE_OBJC_WEAK = YES;
				CLANG_WARN_BLOCK_CAPTURE_AUTORELEASING = YES;
				CLANG_WARN_BOOL_CONVERSION = YES;
				CLANG_WARN_COMMA = YES;
				CLANG_WARN_CONSTANT_CONVERSION = YES;
				CLANG_WARN_DEPRECATED_OBJC_IMPLEMENTATIONS = YES;
				CLANG_WARN_DIRECT_OBJC_ISA_USAGE = YES_ERROR;
				CLANG_WARN_DOCUMENTATION_COMMENTS = YES;
				CLANG_WARN_EMPTY_BODY = YES;
				CLANG_WARN_ENUM_CONVERSION = YES;
				CLANG_WARN_INFINITE_RECURSION = YES;
				CLANG_WARN_INT_CONVERSION = YES;
				CLANG_WARN_NON_LITERAL_NULL_CONVERSION = YES;
				CLANG_WARN_OBJC_IMPLICIT_RETAIN_SELF = YES;
				CLANG_WARN_OBJC_LITERAL_CONVERSION = YES;
				CLANG_WARN_OBJC_ROOT_CLASS = YES_ERROR;
				CLANG_WARN_QUOTED_INCLUDE_IN_FRAMEWORK_HEADER = YES;
				CLANG_WARN_RANGE_LOOP_ANALYSIS = YES;
				CLANG_WARN_STRICT_PROTOTYPES = YES;
				CLANG_WARN_SUSPICIOUS_MOVE = YES;
				CLANG_WARN_UNGUARDED_AVAILABILITY = YES_AGGRESSIVE;
				CLANG_WARN_UNREACHABLE_CODE = YES;
				CLANG_WARN__DUPLICATE_METHOD_MATCH = YES;
				COPY_PHASE_STRIP = NO;
				DEBUG_INFORMATION_FORMAT = "dwarf-with-dsym";
				ENABLE_NS_ASSERTIONS = NO;
				ENABLE_STRICT_OBJC_MSGSEND = YES;
				GCC_C_LANGUAGE_STANDARD = gnu11;
				GCC_NO_COMMON_BLOCKS = YES;
				GCC_WARN_64_TO_32_BIT_CONVERSION = YES;
				GCC_WARN_ABOUT_RETURN_TYPE = YES_ERROR;
				GCC_WARN_UNDECLARED_SELECTOR = YES;
				GCC_WARN_UNINITIALIZED_AUTOS = YES_AGGRESSIVE;
				GCC_WARN_UNUSED_FUNCTION = YES;
				GCC_WARN_UNUSED_VARIABLE = YES;
				IPHONEOS_DEPLOYMENT_TARGET = 16.0;
				MTL_ENABLE_DEBUG_INFO = NO;
				MTL_FAST_MATH = YES;
				SDKROOT = iphoneos;
				SWIFT_COMPILATION_MODE = wholemodule;
				SWIFT_OPTIMIZATION_LEVEL = "-O";
				VALIDATE_PRODUCT = YES;
			};
			name = Release;
		};
		56577E7C2919E56D00023A33 /* Debug */ = {
			isa = XCBuildConfiguration;
			buildSettings = {
				ASSETCATALOG_COMPILER_APPICON_NAME = AppIcon;
				ASSETCATALOG_COMPILER_GLOBAL_ACCENT_COLOR_NAME = AccentColor;
				CODE_SIGN_STYLE = Automatic;
				CURRENT_PROJECT_VERSION = 1;
				GENERATE_INFOPLIST_FILE = YES;
				INFOPLIST_FILE = TableViewCollectionView/Info.plist;
				INFOPLIST_KEY_UIApplicationSupportsIndirectInputEvents = YES;
				INFOPLIST_KEY_UILaunchStoryboardName = LaunchScreen;
				INFOPLIST_KEY_UIMainStoryboardFile = Main;
				INFOPLIST_KEY_UISupportedInterfaceOrientations_iPad = "UIInterfaceOrientationPortrait UIInterfaceOrientationPortraitUpsideDown UIInterfaceOrientationLandscapeLeft UIInterfaceOrientationLandscapeRight";
				INFOPLIST_KEY_UISupportedInterfaceOrientations_iPhone = "UIInterfaceOrientationPortrait UIInterfaceOrientationLandscapeLeft UIInterfaceOrientationLandscapeRight";
				LD_RUNPATH_SEARCH_PATHS = (
					"$(inherited)",
					"@executable_path/Frameworks",
				);
				MARKETING_VERSION = 1.0;
				PRODUCT_BUNDLE_IDENTIFIER = ProjetosBF348.TableViewCollectionView;
				PRODUCT_NAME = "$(TARGET_NAME)";
				SUPPORTED_PLATFORMS = "iphoneos iphonesimulator";
				SUPPORTS_MACCATALYST = NO;
				SUPPORTS_MAC_DESIGNED_FOR_IPHONE_IPAD = NO;
				SWIFT_EMIT_LOC_STRINGS = YES;
				SWIFT_VERSION = 5.0;
				TARGETED_DEVICE_FAMILY = 1;
			};
			name = Debug;
		};
		56577E7D2919E56D00023A33 /* Release */ = {
			isa = XCBuildConfiguration;
			buildSettings = {
				ASSETCATALOG_COMPILER_APPICON_NAME = AppIcon;
				ASSETCATALOG_COMPILER_GLOBAL_ACCENT_COLOR_NAME = AccentColor;
				CODE_SIGN_STYLE = Automatic;
				CURRENT_PROJECT_VERSION = 1;
				GENERATE_INFOPLIST_FILE = YES;
				INFOPLIST_FILE = TableViewCollectionView/Info.plist;
				INFOPLIST_KEY_UIApplicationSupportsIndirectInputEvents = YES;
				INFOPLIST_KEY_UILaunchStoryboardName = LaunchScreen;
				INFOPLIST_KEY_UIMainStoryboardFile = Main;
				INFOPLIST_KEY_UISupportedInterfaceOrientations_iPad = "UIInterfaceOrientationPortrait UIInterfaceOrientationPortraitUpsideDown UIInterfaceOrientationLandscapeLeft UIInterfaceOrientationLandscapeRight";
				INFOPLIST_KEY_UISupportedInterfaceOrientations_iPhone = "UIInterfaceOrientationPortrait UIInterfaceOrientationLandscapeLeft UIInterfaceOrientationLandscapeRight";
				LD_RUNPATH_SEARCH_PATHS = (
					"$(inherited)",
					"@executable_path/Frameworks",
				);
				MARKETING_VERSION = 1.0;
				PRODUCT_BUNDLE_IDENTIFIER = ProjetosBF348.TableViewCollectionView;
				PRODUCT_NAME = "$(TARGET_NAME)";
				SUPPORTED_PLATFORMS = "iphoneos iphonesimulator";
				SUPPORTS_MACCATALYST = NO;
				SUPPORTS_MAC_DESIGNED_FOR_IPHONE_IPAD = NO;
				SWIFT_EMIT_LOC_STRINGS = YES;
				SWIFT_VERSION = 5.0;
				TARGETED_DEVICE_FAMILY = 1;
			};
			name = Release;
		};
/* End XCBuildConfiguration section */

/* Begin XCConfigurationList section */
		56577E622919E56C00023A33 /* Build configuration list for PBXProject "TableViewCollectionView" */ = {
			isa = XCConfigurationList;
			buildConfigurations = (
				56577E792919E56D00023A33 /* Debug */,
				56577E7A2919E56D00023A33 /* Release */,
			);
			defaultConfigurationIsVisible = 0;
			defaultConfigurationName = Release;
		};
		56577E7B2919E56D00023A33 /* Build configuration list for PBXNativeTarget "TableViewCollectionView" */ = {
			isa = XCConfigurationList;
			buildConfigurations = (
				56577E7C2919E56D00023A33 /* Debug */,
				56577E7D2919E56D00023A33 /* Release */,
			);
			defaultConfigurationIsVisible = 0;
			defaultConfigurationName = Release;
		};
/* End XCConfigurationList section */
	};
	rootObject = 56577E5F2919E56C00023A33 /* Project object */;
}
